# This file was autogenerated by uv via the following command:
#    uv pip compile pyproject.toml -o requirements.lock
certifi==2025.8.3
    # via
    #   teccod-project (pyproject.toml)
    #   opensearch-py
    #   requests
charset-normalizer==3.4.3
    # via
    #   teccod-project (pyproject.toml)
    #   requests
events==0.5
    # via
    #   teccod-project (pyproject.toml)
    #   opensearch-py
faker==37.5.3
    # via teccod-project (pyproject.toml)
idna==3.10
    # via
    #   teccod-project (pyproject.toml)
    #   requests
opensearch-py==3.0.0
    # via teccod-project (pyproject.toml)
python-dateutil==2.9.0.post0
    # via
    #   teccod-project (pyproject.toml)
    #   opensearch-py
requests==2.32.4
    # via
    #   teccod-project (pyproject.toml)
    #   opensearch-py
six==1.17.0
    # via
    #   teccod-project (pyproject.toml)
    #   python-dateutil
tzdata==2025.2
    # via
    #   teccod-project (pyproject.toml)
    #   faker
urllib3==2.5.0
    # via
    #   teccod-project (pyproject.toml)
    #   opensearch-py
    #   requests
